
Microsoft Visual Studio Solution File, Format Version 12.00
# Visual Studio 15
VisualStudioVersion = 15.0.28307.489
MinimumVisualStudioVersion = 10.0.40219.1
Project("{FAE04EC0-301F-11D3-BF4B-00C04F79EFBC}") = "WithKey", "WithKey\WithKey.csproj", "{C2277556-3938-4629-B6B9-D02FF3BC42EF}"
EndProject
Global
	GlobalSection(SolutionConfigurationPlatforms) = preSolution
		Debug|Any CPU = Debug|Any CPU
		Release|Any CPU = Release|Any CPU
	EndGlobalSection
	GlobalSection(ProjectConfigurationPlatforms) = postSolution
		{C2277556-3938-4629-B6B9-D02FF3BC42EF}.Debug|Any CPU.ActiveCfg = Debug|Any CPU
		{C2277556-3938-4629-B6B9-D02FF3BC42EF}.Debug|Any CPU.Build.0 = Debug|Any CPU
		{C2277556-3938-4629-B6B9-D02FF3BC42EF}.Release|Any CPU.ActiveCfg = Release|Any CPU
		{C2277556-3938-4629-B6B9-D02FF3BC42EF}.Release|Any CPU.Build.0 = Release|Any CPU
	EndGlobalSection
	GlobalSection(SolutionProperties) = preSolution
		HideSolutionNode = FALSE
	EndGlobalSection
	GlobalSection(ExtensibilityGlobals) = postSolution
		SolutionGuid = {2F0FD53C-52A9-4112-8A70-E266412674A0}
	EndGlobalSection
EndGlobal
